
Microsoft Visual Studio Solution File, Format Version 12.00
# Visual Studio Version 16
VisualStudioVersion = 16.0.31205.134
MinimumVisualStudioVersion = 10.0.40219.1
Project("{FAE04EC0-301F-11D3-BF4B-00C04F79EFBC}") = "ThreadEx", "ThreadEx\ThreadEx.csproj", "{8E6BD21D-7C00-4163-A3A9-FA9A40A7F0AB}"
EndProject
Project("{FAE04EC0-301F-11D3-BF4B-00C04F79EFBC}") = "ThreadDeadlock", "ThreadDeadlock\ThreadDeadlock.csproj", "{187A92D5-9158-42E4-A5F5-0C32C1855826}"
EndProject
Project("{FAE04EC0-301F-11D3-BF4B-00C04F79EFBC}") = "ThreadLocking", "ThreadLocking\ThreadLocking.csproj", "{EE829BB8-C2D5-487E-806E-97471E05B042}"
EndProject
Global
	GlobalSection(SolutionConfigurationPlatforms) = preSolution
		Debug|Any CPU = Debug|Any CPU
		Release|Any CPU = Release|Any CPU
	EndGlobalSection
	GlobalSection(ProjectConfigurationPlatforms) = postSolution
		{8E6BD21D-7C00-4163-A3A9-FA9A40A7F0AB}.Debug|Any CPU.ActiveCfg = Debug|Any CPU
		{8E6BD21D-7C00-4163-A3A9-FA9A40A7F0AB}.Debug|Any CPU.Build.0 = Debug|Any CPU
		{8E6BD21D-7C00-4163-A3A9-FA9A40A7F0AB}.Release|Any CPU.ActiveCfg = Release|Any CPU
		{8E6BD21D-7C00-4163-A3A9-FA9A40A7F0AB}.Release|Any CPU.Build.0 = Release|Any CPU
		{187A92D5-9158-42E4-A5F5-0C32C1855826}.Debug|Any CPU.ActiveCfg = Debug|Any CPU
		{187A92D5-9158-42E4-A5F5-0C32C1855826}.Debug|Any CPU.Build.0 = Debug|Any CPU
		{187A92D5-9158-42E4-A5F5-0C32C1855826}.Release|Any CPU.ActiveCfg = Release|Any CPU
		{187A92D5-9158-42E4-A5F5-0C32C1855826}.Release|Any CPU.Build.0 = Release|Any CPU
		{EE829BB8-C2D5-487E-806E-97471E05B042}.Debug|Any CPU.ActiveCfg = Debug|Any CPU
		{EE829BB8-C2D5-487E-806E-97471E05B042}.Debug|Any CPU.Build.0 = Debug|Any CPU
		{EE829BB8-C2D5-487E-806E-97471E05B042}.Release|Any CPU.ActiveCfg = Release|Any CPU
		{EE829BB8-C2D5-487E-806E-97471E05B042}.Release|Any CPU.Build.0 = Release|Any CPU
	EndGlobalSection
	GlobalSection(SolutionProperties) = preSolution
		HideSolutionNode = FALSE
	EndGlobalSection
	GlobalSection(ExtensibilityGlobals) = postSolution
		SolutionGuid = {44700E8F-1204-4BE6-BDB5-350DAC453DFE}
	EndGlobalSection
EndGlobal
