
Microsoft Visual Studio Solution File, Format Version 12.00
# Visual Studio Version 16
VisualStudioVersion = 16.0.31205.134
MinimumVisualStudioVersion = 10.0.40219.1
Project("{FAE04EC0-301F-11D3-BF4B-00C04F79EFBC}") = "UriEx", "UriEx\UriEx.csproj", "{1CDA227D-8F7A-478D-8870-CD6D0D1F8630}"
EndProject
Project("{FAE04EC0-301F-11D3-BF4B-00C04F79EFBC}") = "TcpClientEx", "TcpClientEx\TcpClientEx.csproj", "{B49B5A47-CD3B-4F9D-9AAC-0191EF4020C6}"
EndProject
Global
	GlobalSection(SolutionConfigurationPlatforms) = preSolution
		Debug|Any CPU = Debug|Any CPU
		Release|Any CPU = Release|Any CPU
	EndGlobalSection
	GlobalSection(ProjectConfigurationPlatforms) = postSolution
		{1CDA227D-8F7A-478D-8870-CD6D0D1F8630}.Debug|Any CPU.ActiveCfg = Debug|Any CPU
		{1CDA227D-8F7A-478D-8870-CD6D0D1F8630}.Debug|Any CPU.Build.0 = Debug|Any CPU
		{1CDA227D-8F7A-478D-8870-CD6D0D1F8630}.Release|Any CPU.ActiveCfg = Release|Any CPU
		{1CDA227D-8F7A-478D-8870-CD6D0D1F8630}.Release|Any CPU.Build.0 = Release|Any CPU
		{B49B5A47-CD3B-4F9D-9AAC-0191EF4020C6}.Debug|Any CPU.ActiveCfg = Debug|Any CPU
		{B49B5A47-CD3B-4F9D-9AAC-0191EF4020C6}.Debug|Any CPU.Build.0 = Debug|Any CPU
		{B49B5A47-CD3B-4F9D-9AAC-0191EF4020C6}.Release|Any CPU.ActiveCfg = Release|Any CPU
		{B49B5A47-CD3B-4F9D-9AAC-0191EF4020C6}.Release|Any CPU.Build.0 = Release|Any CPU
	EndGlobalSection
	GlobalSection(SolutionProperties) = preSolution
		HideSolutionNode = FALSE
	EndGlobalSection
	GlobalSection(ExtensibilityGlobals) = postSolution
		SolutionGuid = {62B354B5-A56F-4D64-91CC-67A53BD4ECC0}
	EndGlobalSection
EndGlobal
